
Microsoft Visual Studio Solution File, Format Version 12.00
# Visual Studio Version 17
VisualStudioVersion = 17.1.32328.378
MinimumVisualStudioVersion = 10.0.40219.1
Project("{9A19103F-16F7-4668-BE54-9A1E7A4F7556}") = "Mechanix.Web", "Mechanix.Web\Mechanix.Web.csproj", "{0B081A0E-358F-4EA6-A248-C1AE322AFF1C}"
EndProject
Project("{2150E333-8FDC-42A3-9474-1A3956D46DE8}") = "Solution Items", "Solution Items", "{43A0C09B-C34D-4D96-8FA3-BABED1D20567}"
	ProjectSection(SolutionItems) = preProject
		.editorconfig = .editorconfig
	EndProjectSection
EndProject
Project("{54A90642-561A-4BB1-A94E-469ADEE60C69}") = "Mechanix.Admin", "Mechanix.Admin\Mechanix.Admin.esproj", "{93A8A166-B8DC-4FEE-941A-C4032B074820}"
EndProject
Project("{9A19103F-16F7-4668-BE54-9A1E7A4F7556}") = "Mechanix.API.Core", "Mechanix.API.Core\Mechanix.API.Core.csproj", "{12B8D91E-42D8-4F02-A3C5-F68FCC96B16E}"
EndProject
Project("{9A19103F-16F7-4668-BE54-9A1E7A4F7556}") = "Mechanix.API.Cars", "Mechanix.API.Cars\Mechanix.API.Cars.csproj", "{2F4F4192-6115-4812-B994-66ABA830C440}"
EndProject
Project("{FAE04EC0-301F-11D3-BF4B-00C04F79EFBC}") = "Mechanix.API.Parts", "Mechanix.API.Parts\Mechanix.API.Parts.csproj", "{C3EFEF1B-24AA-4C76-B043-8AA2383F66E5}"
EndProject
Global
	GlobalSection(SolutionConfigurationPlatforms) = preSolution
		Debug|Any CPU = Debug|Any CPU
		Release|Any CPU = Release|Any CPU
	EndGlobalSection
	GlobalSection(ProjectConfigurationPlatforms) = postSolution
		{0B081A0E-358F-4EA6-A248-C1AE322AFF1C}.Debug|Any CPU.ActiveCfg = Debug|Any CPU
		{0B081A0E-358F-4EA6-A248-C1AE322AFF1C}.Debug|Any CPU.Build.0 = Debug|Any CPU
		{0B081A0E-358F-4EA6-A248-C1AE322AFF1C}.Release|Any CPU.ActiveCfg = Release|Any CPU
		{0B081A0E-358F-4EA6-A248-C1AE322AFF1C}.Release|Any CPU.Build.0 = Release|Any CPU
		{93A8A166-B8DC-4FEE-941A-C4032B074820}.Debug|Any CPU.ActiveCfg = Debug|Any CPU
		{93A8A166-B8DC-4FEE-941A-C4032B074820}.Debug|Any CPU.Build.0 = Debug|Any CPU
		{93A8A166-B8DC-4FEE-941A-C4032B074820}.Debug|Any CPU.Deploy.0 = Debug|Any CPU
		{93A8A166-B8DC-4FEE-941A-C4032B074820}.Release|Any CPU.ActiveCfg = Release|Any CPU
		{93A8A166-B8DC-4FEE-941A-C4032B074820}.Release|Any CPU.Build.0 = Release|Any CPU
		{93A8A166-B8DC-4FEE-941A-C4032B074820}.Release|Any CPU.Deploy.0 = Release|Any CPU
		{12B8D91E-42D8-4F02-A3C5-F68FCC96B16E}.Debug|Any CPU.ActiveCfg = Debug|Any CPU
		{12B8D91E-42D8-4F02-A3C5-F68FCC96B16E}.Debug|Any CPU.Build.0 = Debug|Any CPU
		{12B8D91E-42D8-4F02-A3C5-F68FCC96B16E}.Release|Any CPU.ActiveCfg = Release|Any CPU
		{12B8D91E-42D8-4F02-A3C5-F68FCC96B16E}.Release|Any CPU.Build.0 = Release|Any CPU
		{2F4F4192-6115-4812-B994-66ABA830C440}.Debug|Any CPU.ActiveCfg = Debug|Any CPU
		{2F4F4192-6115-4812-B994-66ABA830C440}.Debug|Any CPU.Build.0 = Debug|Any CPU
		{2F4F4192-6115-4812-B994-66ABA830C440}.Release|Any CPU.ActiveCfg = Release|Any CPU
		{2F4F4192-6115-4812-B994-66ABA830C440}.Release|Any CPU.Build.0 = Release|Any CPU
		{C3EFEF1B-24AA-4C76-B043-8AA2383F66E5}.Debug|Any CPU.ActiveCfg = Debug|Any CPU
		{C3EFEF1B-24AA-4C76-B043-8AA2383F66E5}.Debug|Any CPU.Build.0 = Debug|Any CPU
		{C3EFEF1B-24AA-4C76-B043-8AA2383F66E5}.Release|Any CPU.ActiveCfg = Release|Any CPU
		{C3EFEF1B-24AA-4C76-B043-8AA2383F66E5}.Release|Any CPU.Build.0 = Release|Any CPU
	EndGlobalSection
	GlobalSection(SolutionProperties) = preSolution
		HideSolutionNode = FALSE
	EndGlobalSection
	GlobalSection(ExtensibilityGlobals) = postSolution
		SolutionGuid = {427A2A86-7DFC-450A-918E-59972EB70AE1}
	EndGlobalSection
EndGlobal
