
Microsoft Visual Studio Solution File, Format Version 12.00
# Visual Studio Version 16
VisualStudioVersion = 16.0.32228.343
MinimumVisualStudioVersion = 10.0.40219.1
Project("{FAE04EC0-301F-11D3-BF4B-00C04F79EFBC}") = "Mechanix.Web", "Mechanix.Web\Mechanix.Web.csproj", "{0B081A0E-358F-4EA6-A248-C1AE322AFF1C}"
EndProject
Project("{FAE04EC0-301F-11D3-BF4B-00C04F79EFBC}") = "Mechanix.Core", "Mechanix.Core\Mechanix.Core.csproj", "{8C3AC3D9-623B-4141-BA9C-4B456274812B}"
EndProject
Global
	GlobalSection(SolutionConfigurationPlatforms) = preSolution
		Debug|Any CPU = Debug|Any CPU
		Release|Any CPU = Release|Any CPU
	EndGlobalSection
	GlobalSection(ProjectConfigurationPlatforms) = postSolution
		{0B081A0E-358F-4EA6-A248-C1AE322AFF1C}.Debug|Any CPU.ActiveCfg = Debug|Any CPU
		{0B081A0E-358F-4EA6-A248-C1AE322AFF1C}.Debug|Any CPU.Build.0 = Debug|Any CPU
		{0B081A0E-358F-4EA6-A248-C1AE322AFF1C}.Release|Any CPU.ActiveCfg = Release|Any CPU
		{0B081A0E-358F-4EA6-A248-C1AE322AFF1C}.Release|Any CPU.Build.0 = Release|Any CPU
		{8C3AC3D9-623B-4141-BA9C-4B456274812B}.Debug|Any CPU.ActiveCfg = Debug|Any CPU
		{8C3AC3D9-623B-4141-BA9C-4B456274812B}.Debug|Any CPU.Build.0 = Debug|Any CPU
		{8C3AC3D9-623B-4141-BA9C-4B456274812B}.Release|Any CPU.ActiveCfg = Release|Any CPU
		{8C3AC3D9-623B-4141-BA9C-4B456274812B}.Release|Any CPU.Build.0 = Release|Any CPU
	EndGlobalSection
	GlobalSection(SolutionProperties) = preSolution
		HideSolutionNode = FALSE
	EndGlobalSection
	GlobalSection(ExtensibilityGlobals) = postSolution
		SolutionGuid = {427A2A86-7DFC-450A-918E-59972EB70AE1}
	EndGlobalSection
EndGlobal
